
Microsoft Visual Studio Solution File, Format Version 12.00
# Visual Studio Version 17
VisualStudioVersion = 17.8.34330.188
MinimumVisualStudioVersion = 10.0.40219.1
Project("{8BC9CEB8-8B4A-11D0-8D11-00A0C91BC942}") = "task 6", "task 6\task 6.vcxproj", "{3700A1A4-82C6-4081-B476-2BABC4A71093}"
EndProject
Global
	GlobalSection(SolutionConfigurationPlatforms) = preSolution
		Debug|x64 = Debug|x64
		Debug|x86 = Debug|x86
		Release|x64 = Release|x64
		Release|x86 = Release|x86
	EndGlobalSection
	GlobalSection(ProjectConfigurationPlatforms) = postSolution
		{3700A1A4-82C6-4081-B476-2BABC4A71093}.Debug|x64.ActiveCfg = Debug|x64
		{3700A1A4-82C6-4081-B476-2BABC4A71093}.Debug|x64.Build.0 = Debug|x64
		{3700A1A4-82C6-4081-B476-2BABC4A71093}.Debug|x86.ActiveCfg = Debug|Win32
		{3700A1A4-82C6-4081-B476-2BABC4A71093}.Debug|x86.Build.0 = Debug|Win32
		{3700A1A4-82C6-4081-B476-2BABC4A71093}.Release|x64.ActiveCfg = Release|x64
		{3700A1A4-82C6-4081-B476-2BABC4A71093}.Release|x64.Build.0 = Release|x64
		{3700A1A4-82C6-4081-B476-2BABC4A71093}.Release|x86.ActiveCfg = Release|Win32
		{3700A1A4-82C6-4081-B476-2BABC4A71093}.Release|x86.Build.0 = Release|Win32
	EndGlobalSection
	GlobalSection(SolutionProperties) = preSolution
		HideSolutionNode = FALSE
	EndGlobalSection
	GlobalSection(ExtensibilityGlobals) = postSolution
		SolutionGuid = {E736807D-B1B5-40CA-8F41-310097EF6E9F}
	EndGlobalSection
EndGlobal
